
Microsoft Visual Studio Solution File, Format Version 12.00
# Visual Studio Version 16
VisualStudioVersion = 16.0.30523.141
MinimumVisualStudioVersion = 10.0.40219.1
Project("{FAE04EC0-301F-11D3-BF4B-00C04F79EFBC}") = "WebApi.DataLayerEF", "WebApi.DataLayerEF\WebApi.DataLayerEF.csproj", "{809FEEE1-F8B3-4D44-A3D6-CE7630D44DEB}"
EndProject
Project("{FAE04EC0-301F-11D3-BF4B-00C04F79EFBC}") = "WebApi.DomainLayer", "WebApi.DomainLayer\WebApi.DomainLayer.csproj", "{9B4B6FC3-EED0-40DB-9916-58268F8F25D2}"
EndProject
Global
	GlobalSection(SolutionConfigurationPlatforms) = preSolution
		Debug|Any CPU = Debug|Any CPU
		Release|Any CPU = Release|Any CPU
	EndGlobalSection
	GlobalSection(ProjectConfigurationPlatforms) = postSolution
		{809FEEE1-F8B3-4D44-A3D6-CE7630D44DEB}.Debug|Any CPU.ActiveCfg = Debug|Any CPU
		{809FEEE1-F8B3-4D44-A3D6-CE7630D44DEB}.Debug|Any CPU.Build.0 = Debug|Any CPU
		{809FEEE1-F8B3-4D44-A3D6-CE7630D44DEB}.Release|Any CPU.ActiveCfg = Release|Any CPU
		{809FEEE1-F8B3-4D44-A3D6-CE7630D44DEB}.Release|Any CPU.Build.0 = Release|Any CPU
		{9B4B6FC3-EED0-40DB-9916-58268F8F25D2}.Debug|Any CPU.ActiveCfg = Debug|Any CPU
		{9B4B6FC3-EED0-40DB-9916-58268F8F25D2}.Debug|Any CPU.Build.0 = Debug|Any CPU
		{9B4B6FC3-EED0-40DB-9916-58268F8F25D2}.Release|Any CPU.ActiveCfg = Release|Any CPU
		{9B4B6FC3-EED0-40DB-9916-58268F8F25D2}.Release|Any CPU.Build.0 = Release|Any CPU
	EndGlobalSection
	GlobalSection(SolutionProperties) = preSolution
		HideSolutionNode = FALSE
	EndGlobalSection
	GlobalSection(ExtensibilityGlobals) = postSolution
		SolutionGuid = {7A7853AC-9EED-4078-8A8C-0F06E260DE46}
	EndGlobalSection
EndGlobal
